// !$*UTF8*$!
{
	archiveVersion = 1;
	classes = {
	};
	objectVersion = 56;
	objects = {

/* Begin PBXBuildFile section */
		611D8CA02AB884C10074A55A /* AppleLoginManager.swift in Sources */ = {isa = PBXBuildFile; fileRef = 611D8C9F2AB884C10074A55A /* AppleLoginManager.swift */; };
		611D8CA22AB886B10074A55A /* AppleLoginUseCase.swift in Sources */ = {isa = PBXBuildFile; fileRef = 611D8CA12AB886B10074A55A /* AppleLoginUseCase.swift */; };
		611D8CA42AB8874D0074A55A /* AuthEntity.swift in Sources */ = {isa = PBXBuildFile; fileRef = 611D8CA32AB8874D0074A55A /* AuthEntity.swift */; };
		611D8CA82ABECFFC0074A55A /* AuthRepository.swift in Sources */ = {isa = PBXBuildFile; fileRef = 611D8CA72ABECFFC0074A55A /* AuthRepository.swift */; };
		611D8CAA2ABED03D0074A55A /* AuthDTO.swift in Sources */ = {isa = PBXBuildFile; fileRef = 611D8CA92ABED03D0074A55A /* AuthDTO.swift */; };
		611D8CAD2ABED29F0074A55A /* Encodable+Ext.swift in Sources */ = {isa = PBXBuildFile; fileRef = 611D8CAC2ABED29F0074A55A /* Encodable+Ext.swift */; };
		61AC7F9F2AB6D4A300B0B6B5 /* AppDelegate.swift in Sources */ = {isa = PBXBuildFile; fileRef = 61AC7F9E2AB6D4A300B0B6B5 /* AppDelegate.swift */; };
		61AC7FA12AB6D4A300B0B6B5 /* SceneDelegate.swift in Sources */ = {isa = PBXBuildFile; fileRef = 61AC7FA02AB6D4A300B0B6B5 /* SceneDelegate.swift */; };
		61AC7FA62AB6D4A300B0B6B5 /* Main.storyboard in Resources */ = {isa = PBXBuildFile; fileRef = 61AC7FA42AB6D4A300B0B6B5 /* Main.storyboard */; };
		61AC7FA82AB6D4A500B0B6B5 /* Assets.xcassets in Resources */ = {isa = PBXBuildFile; fileRef = 61AC7FA72AB6D4A500B0B6B5 /* Assets.xcassets */; };
		61AC7FAB2AB6D4A500B0B6B5 /* LaunchScreen.storyboard in Resources */ = {isa = PBXBuildFile; fileRef = 61AC7FA92AB6D4A500B0B6B5 /* LaunchScreen.storyboard */; };
		61AC7FBA2AB6D71900B0B6B5 /* TestViewController.swift in Sources */ = {isa = PBXBuildFile; fileRef = 61AC7FB92AB6D71900B0B6B5 /* TestViewController.swift */; };
		61AC7FBC2AB6D72C00B0B6B5 /* TestView.swift in Sources */ = {isa = PBXBuildFile; fileRef = 61AC7FBB2AB6D72C00B0B6B5 /* TestView.swift */; };
		61AC7FBE2AB6D73B00B0B6B5 /* TestReactor.swift in Sources */ = {isa = PBXBuildFile; fileRef = 61AC7FBD2AB6D73B00B0B6B5 /* TestReactor.swift */; };
		61AC7FC02AB6D74A00B0B6B5 /* TestUseCase.swift in Sources */ = {isa = PBXBuildFile; fileRef = 61AC7FBF2AB6D74A00B0B6B5 /* TestUseCase.swift */; };
		61AC7FC22AB6D75400B0B6B5 /* TestRepository.swift in Sources */ = {isa = PBXBuildFile; fileRef = 61AC7FC12AB6D75400B0B6B5 /* TestRepository.swift */; };
		61AC7FC42AB6DA0200B0B6B5 /* OBRouter.swift in Sources */ = {isa = PBXBuildFile; fileRef = 61AC7FC32AB6DA0200B0B6B5 /* OBRouter.swift */; };
		61AC7FC72AB6DA4E00B0B6B5 /* Alamofire in Frameworks */ = {isa = PBXBuildFile; productRef = 61AC7FC62AB6DA4E00B0B6B5 /* Alamofire */; };
		61AC7FC92AB6DB1800B0B6B5 /* OBNetworkManager.swift in Sources */ = {isa = PBXBuildFile; fileRef = 61AC7FC82AB6DB1800B0B6B5 /* OBNetworkManager.swift */; };
		61AC7FCE2AB6DDE300B0B6B5 /* TestDTO.swift in Sources */ = {isa = PBXBuildFile; fileRef = 61AC7FCD2AB6DDE300B0B6B5 /* TestDTO.swift */; };
		61AC7FD12AB6DFBF00B0B6B5 /* TestEntity.swift in Sources */ = {isa = PBXBuildFile; fileRef = 61AC7FD02AB6DFBF00B0B6B5 /* TestEntity.swift */; };
		61AC7FD42AB6E4BC00B0B6B5 /* ReactorKit in Frameworks */ = {isa = PBXBuildFile; productRef = 61AC7FD32AB6E4BC00B0B6B5 /* ReactorKit */; };
		61AC7FD72AB6E50200B0B6B5 /* SnapKit in Frameworks */ = {isa = PBXBuildFile; productRef = 61AC7FD62AB6E50200B0B6B5 /* SnapKit */; };
		61AC7FDA2AB6E56600B0B6B5 /* RxCocoa in Frameworks */ = {isa = PBXBuildFile; productRef = 61AC7FD92AB6E56600B0B6B5 /* RxCocoa */; };
		61AC7FDD2AB6E5B900B0B6B5 /* SwiftKeychainWrapper in Frameworks */ = {isa = PBXBuildFile; productRef = 61AC7FDC2AB6E5B900B0B6B5 /* SwiftKeychainWrapper */; };
		61AC7FE72AB6EEB700B0B6B5 /* APIConstants.swift in Sources */ = {isa = PBXBuildFile; fileRef = 61AC7FE62AB6EEB700B0B6B5 /* APIConstants.swift */; };
		61AC7FEA2AB7309400B0B6B5 /* APIEventLogger.swift in Sources */ = {isa = PBXBuildFile; fileRef = 61AC7FE92AB7309400B0B6B5 /* APIEventLogger.swift */; };
		61AC80052AB73A2800B0B6B5 /* Reactive+Extension.swift in Sources */ = {isa = PBXBuildFile; fileRef = 61AC80042AB73A2800B0B6B5 /* Reactive+Extension.swift */; };
		AA09C27A2ACBE9BC00F51A96 /* KakaoSDKAuth in Frameworks */ = {isa = PBXBuildFile; productRef = AA09C2792ACBE9BC00F51A96 /* KakaoSDKAuth */; };
		AA09C27C2ACBE9BC00F51A96 /* KakaoSDKCommon in Frameworks */ = {isa = PBXBuildFile; productRef = AA09C27B2ACBE9BC00F51A96 /* KakaoSDKCommon */; };
		AA09C27E2ACBE9BC00F51A96 /* KakaoSDKUser in Frameworks */ = {isa = PBXBuildFile; productRef = AA09C27D2ACBE9BC00F51A96 /* KakaoSDKUser */; };
		AA09C2802ACBEB0100F51A96 /* KakaoLoginUseCase.swift in Sources */ = {isa = PBXBuildFile; fileRef = AA09C27F2ACBEB0100F51A96 /* KakaoLoginUseCase.swift */; };
		AA09C2822ACBF18C00F51A96 /* KakaoLoginManager.swift in Sources */ = {isa = PBXBuildFile; fileRef = AA09C2812ACBF18C00F51A96 /* KakaoLoginManager.swift */; };
		AA9105622AD9A6BA00DA2E96 /* GroupSearchView.swift in Sources */ = {isa = PBXBuildFile; fileRef = AA9105612AD9A6BA00DA2E96 /* GroupSearchView.swift */; };
		AA9105642ADA242800DA2E96 /* GroupSearchReactor.swift in Sources */ = {isa = PBXBuildFile; fileRef = AA9105632ADA242800DA2E96 /* GroupSearchReactor.swift */; };
		AA9105692ADA32F300DA2E96 /* GroupSearchViewController.swift in Sources */ = {isa = PBXBuildFile; fileRef = AA9105682ADA32F300DA2E96 /* GroupSearchViewController.swift */; };
		AA91058B2ADA4B9C00DA2E96 /* GroupSearchCell.swift in Sources */ = {isa = PBXBuildFile; fileRef = AA91058A2ADA4B9C00DA2E96 /* GroupSearchCell.swift */; };
/* End PBXBuildFile section */

/* Begin PBXFileReference section */
		611D8C9F2AB884C10074A55A /* AppleLoginManager.swift */ = {isa = PBXFileReference; lastKnownFileType = sourcecode.swift; path = AppleLoginManager.swift; sourceTree = "<group>"; };
		611D8CA12AB886B10074A55A /* AppleLoginUseCase.swift */ = {isa = PBXFileReference; lastKnownFileType = sourcecode.swift; path = AppleLoginUseCase.swift; sourceTree = "<group>"; };
		611D8CA32AB8874D0074A55A /* AuthEntity.swift */ = {isa = PBXFileReference; lastKnownFileType = sourcecode.swift; path = AuthEntity.swift; sourceTree = "<group>"; };
		611D8CA52ABECB910074A55A /* onboard-iOS.entitlements */ = {isa = PBXFileReference; lastKnownFileType = text.plist.entitlements; path = "onboard-iOS.entitlements"; sourceTree = "<group>"; };
		611D8CA72ABECFFC0074A55A /* AuthRepository.swift */ = {isa = PBXFileReference; lastKnownFileType = sourcecode.swift; path = AuthRepository.swift; sourceTree = "<group>"; };
		611D8CA92ABED03D0074A55A /* AuthDTO.swift */ = {isa = PBXFileReference; lastKnownFileType = sourcecode.swift; path = AuthDTO.swift; sourceTree = "<group>"; };
		611D8CAC2ABED29F0074A55A /* Encodable+Ext.swift */ = {isa = PBXFileReference; lastKnownFileType = sourcecode.swift; path = "Encodable+Ext.swift"; sourceTree = "<group>"; };
		61AC7F9B2AB6D4A300B0B6B5 /* onboard-iOS.app */ = {isa = PBXFileReference; explicitFileType = wrapper.application; includeInIndex = 0; path = "onboard-iOS.app"; sourceTree = BUILT_PRODUCTS_DIR; };
		61AC7F9E2AB6D4A300B0B6B5 /* AppDelegate.swift */ = {isa = PBXFileReference; lastKnownFileType = sourcecode.swift; path = AppDelegate.swift; sourceTree = "<group>"; };
		61AC7FA02AB6D4A300B0B6B5 /* SceneDelegate.swift */ = {isa = PBXFileReference; lastKnownFileType = sourcecode.swift; path = SceneDelegate.swift; sourceTree = "<group>"; };
		61AC7FA52AB6D4A300B0B6B5 /* Base */ = {isa = PBXFileReference; lastKnownFileType = file.storyboard; name = Base; path = Base.lproj/Main.storyboard; sourceTree = "<group>"; };
		61AC7FA72AB6D4A500B0B6B5 /* Assets.xcassets */ = {isa = PBXFileReference; lastKnownFileType = folder.assetcatalog; path = Assets.xcassets; sourceTree = "<group>"; };
		61AC7FAA2AB6D4A500B0B6B5 /* Base */ = {isa = PBXFileReference; lastKnownFileType = file.storyboard; name = Base; path = Base.lproj/LaunchScreen.storyboard; sourceTree = "<group>"; };
		61AC7FAC2AB6D4A500B0B6B5 /* Info.plist */ = {isa = PBXFileReference; lastKnownFileType = text.plist.xml; path = Info.plist; sourceTree = "<group>"; };
		61AC7FB92AB6D71900B0B6B5 /* TestViewController.swift */ = {isa = PBXFileReference; lastKnownFileType = sourcecode.swift; path = TestViewController.swift; sourceTree = "<group>"; };
		61AC7FBB2AB6D72C00B0B6B5 /* TestView.swift */ = {isa = PBXFileReference; lastKnownFileType = sourcecode.swift; path = TestView.swift; sourceTree = "<group>"; };
		61AC7FBD2AB6D73B00B0B6B5 /* TestReactor.swift */ = {isa = PBXFileReference; lastKnownFileType = sourcecode.swift; path = TestReactor.swift; sourceTree = "<group>"; };
		61AC7FBF2AB6D74A00B0B6B5 /* TestUseCase.swift */ = {isa = PBXFileReference; lastKnownFileType = sourcecode.swift; path = TestUseCase.swift; sourceTree = "<group>"; };
		61AC7FC12AB6D75400B0B6B5 /* TestRepository.swift */ = {isa = PBXFileReference; lastKnownFileType = sourcecode.swift; path = TestRepository.swift; sourceTree = "<group>"; };
		61AC7FC32AB6DA0200B0B6B5 /* OBRouter.swift */ = {isa = PBXFileReference; lastKnownFileType = sourcecode.swift; path = OBRouter.swift; sourceTree = "<group>"; };
		61AC7FC82AB6DB1800B0B6B5 /* OBNetworkManager.swift */ = {isa = PBXFileReference; lastKnownFileType = sourcecode.swift; path = OBNetworkManager.swift; sourceTree = "<group>"; };
		61AC7FCD2AB6DDE300B0B6B5 /* TestDTO.swift */ = {isa = PBXFileReference; lastKnownFileType = sourcecode.swift; path = TestDTO.swift; sourceTree = "<group>"; };
		61AC7FD02AB6DFBF00B0B6B5 /* TestEntity.swift */ = {isa = PBXFileReference; lastKnownFileType = sourcecode.swift; path = TestEntity.swift; sourceTree = "<group>"; };
		61AC7FE62AB6EEB700B0B6B5 /* APIConstants.swift */ = {isa = PBXFileReference; lastKnownFileType = sourcecode.swift; path = APIConstants.swift; sourceTree = "<group>"; };
		61AC7FE92AB7309400B0B6B5 /* APIEventLogger.swift */ = {isa = PBXFileReference; lastKnownFileType = sourcecode.swift; path = APIEventLogger.swift; sourceTree = "<group>"; };
		61AC80042AB73A2800B0B6B5 /* Reactive+Extension.swift */ = {isa = PBXFileReference; lastKnownFileType = sourcecode.swift; path = "Reactive+Extension.swift"; sourceTree = "<group>"; };
		AA09C27F2ACBEB0100F51A96 /* KakaoLoginUseCase.swift */ = {isa = PBXFileReference; lastKnownFileType = sourcecode.swift; path = KakaoLoginUseCase.swift; sourceTree = "<group>"; };
		AA09C2812ACBF18C00F51A96 /* KakaoLoginManager.swift */ = {isa = PBXFileReference; lastKnownFileType = sourcecode.swift; path = KakaoLoginManager.swift; sourceTree = "<group>"; };
		AA9105612AD9A6BA00DA2E96 /* GroupSearchView.swift */ = {isa = PBXFileReference; lastKnownFileType = sourcecode.swift; path = GroupSearchView.swift; sourceTree = "<group>"; };
		AA9105632ADA242800DA2E96 /* GroupSearchReactor.swift */ = {isa = PBXFileReference; lastKnownFileType = sourcecode.swift; path = GroupSearchReactor.swift; sourceTree = "<group>"; };
		AA9105682ADA32F300DA2E96 /* GroupSearchViewController.swift */ = {isa = PBXFileReference; lastKnownFileType = sourcecode.swift; path = GroupSearchViewController.swift; sourceTree = "<group>"; };
		AA91058A2ADA4B9C00DA2E96 /* GroupSearchCell.swift */ = {isa = PBXFileReference; lastKnownFileType = sourcecode.swift; path = GroupSearchCell.swift; sourceTree = "<group>"; };
/* End PBXFileReference section */

/* Begin PBXFrameworksBuildPhase section */
		61AC7F982AB6D4A300B0B6B5 /* Frameworks */ = {
			isa = PBXFrameworksBuildPhase;
			buildActionMask = 2147483647;
			files = (
				61AC7FD72AB6E50200B0B6B5 /* SnapKit in Frameworks */,
				AA09C27C2ACBE9BC00F51A96 /* KakaoSDKCommon in Frameworks */,
				61AC7FD42AB6E4BC00B0B6B5 /* ReactorKit in Frameworks */,
				61AC7FDD2AB6E5B900B0B6B5 /* SwiftKeychainWrapper in Frameworks */,
				AA09C27E2ACBE9BC00F51A96 /* KakaoSDKUser in Frameworks */,
				61AC7FDA2AB6E56600B0B6B5 /* RxCocoa in Frameworks */,
				61AC7FC72AB6DA4E00B0B6B5 /* Alamofire in Frameworks */,
				AA09C27A2ACBE9BC00F51A96 /* KakaoSDKAuth in Frameworks */,
			);
			runOnlyForDeploymentPostprocessing = 0;
		};
/* End PBXFrameworksBuildPhase section */

/* Begin PBXGroup section */
		611D8C9E2AB884AB0074A55A /* Login */ = {
			isa = PBXGroup;
			children = (
				611D8CA12AB886B10074A55A /* AppleLoginUseCase.swift */,
				AA09C27F2ACBEB0100F51A96 /* KakaoLoginUseCase.swift */,
			);
			path = Login;
			sourceTree = "<group>";
		};
		611D8CA62ABECFB10074A55A /* Auth */ = {
			isa = PBXGroup;
			children = (
				611D8CA72ABECFFC0074A55A /* AuthRepository.swift */,
			);
			path = Auth;
			sourceTree = "<group>";
		};
		611D8CAB2ABED2910074A55A /* Foundation */ = {
			isa = PBXGroup;
			children = (
				611D8CAC2ABED29F0074A55A /* Encodable+Ext.swift */,
			);
			path = Foundation;
			sourceTree = "<group>";
		};
		61AC7F922AB6D4A300B0B6B5 = {
			isa = PBXGroup;
			children = (
				61AC7F9D2AB6D4A300B0B6B5 /* onboard-iOS */,
				61AC7F9C2AB6D4A300B0B6B5 /* Products */,
			);
			sourceTree = "<group>";
		};
		61AC7F9C2AB6D4A300B0B6B5 /* Products */ = {
			isa = PBXGroup;
			children = (
				61AC7F9B2AB6D4A300B0B6B5 /* onboard-iOS.app */,
			);
			name = Products;
			sourceTree = "<group>";
		};
		61AC7F9D2AB6D4A300B0B6B5 /* onboard-iOS */ = {
			isa = PBXGroup;
			children = (
				611D8CA52ABECB910074A55A /* onboard-iOS.entitlements */,
				61AC80032AB73A0F00B0B6B5 /* Extensions */,
				61AC7FE82AB72E5100B0B6B5 /* Enum */,
				61AC7FDE2AB6E6C800B0B6B5 /* Utils */,
				61AC7FB52AB6D69D00B0B6B5 /* Presentation */,
				61AC7FB42AB6D68B00B0B6B5 /* Domain */,
				61AC7FB32AB6D68400B0B6B5 /* Repository */,
				61AC7FB22AB6D67B00B0B6B5 /* Network */,
				61AC7F9E2AB6D4A300B0B6B5 /* AppDelegate.swift */,
				61AC7FA02AB6D4A300B0B6B5 /* SceneDelegate.swift */,
				61AC7FA42AB6D4A300B0B6B5 /* Main.storyboard */,
				61AC7FA72AB6D4A500B0B6B5 /* Assets.xcassets */,
				61AC7FA92AB6D4A500B0B6B5 /* LaunchScreen.storyboard */,
				61AC7FAC2AB6D4A500B0B6B5 /* Info.plist */,
			);
			path = "onboard-iOS";
			sourceTree = "<group>";
		};
		61AC7FB22AB6D67B00B0B6B5 /* Network */ = {
			isa = PBXGroup;
			children = (
				61AC7FC32AB6DA0200B0B6B5 /* OBRouter.swift */,
				61AC7FC82AB6DB1800B0B6B5 /* OBNetworkManager.swift */,
				61AC7FE62AB6EEB700B0B6B5 /* APIConstants.swift */,
				61AC7FE92AB7309400B0B6B5 /* APIEventLogger.swift */,
			);
			path = Network;
			sourceTree = "<group>";
		};
		61AC7FB32AB6D68400B0B6B5 /* Repository */ = {
			isa = PBXGroup;
			children = (
				611D8CA62ABECFB10074A55A /* Auth */,
				61AC7FCC2AB6DDD900B0B6B5 /* DTO */,
				61AC7FCB2AB6DD2B00B0B6B5 /* Test */,
			);
			path = Repository;
			sourceTree = "<group>";
		};
		61AC7FB42AB6D68B00B0B6B5 /* Domain */ = {
			isa = PBXGroup;
			children = (
				611D8C9E2AB884AB0074A55A /* Login */,
				61AC7FCF2AB6DF6300B0B6B5 /* Entity */,
				61AC7FCA2AB6DD2400B0B6B5 /* Test */,
				AA9105662ADA2DE700DA2E96 /* GroupSearch */,
			);
			path = Domain;
			sourceTree = "<group>";
		};
		61AC7FB52AB6D69D00B0B6B5 /* Presentation */ = {
			isa = PBXGroup;
			children = (
				61AC7FB62AB6D6C300B0B6B5 /* Test */,
				AA9105602AD9A69300DA2E96 /* GroupSearch */,
			);
			path = Presentation;
			sourceTree = "<group>";
		};
		61AC7FB62AB6D6C300B0B6B5 /* Test */ = {
			isa = PBXGroup;
			children = (
				61AC7FB92AB6D71900B0B6B5 /* TestViewController.swift */,
				61AC7FBD2AB6D73B00B0B6B5 /* TestReactor.swift */,
				61AC7FB72AB6D6D100B0B6B5 /* Views */,
			);
			path = Test;
			sourceTree = "<group>";
		};
		61AC7FB72AB6D6D100B0B6B5 /* Views */ = {
			isa = PBXGroup;
			children = (
				61AC7FBB2AB6D72C00B0B6B5 /* TestView.swift */,
			);
			path = Views;
			sourceTree = "<group>";
		};
		61AC7FCA2AB6DD2400B0B6B5 /* Test */ = {
			isa = PBXGroup;
			children = (
				61AC7FBF2AB6D74A00B0B6B5 /* TestUseCase.swift */,
			);
			path = Test;
			sourceTree = "<group>";
		};
		61AC7FCB2AB6DD2B00B0B6B5 /* Test */ = {
			isa = PBXGroup;
			children = (
				61AC7FC12AB6D75400B0B6B5 /* TestRepository.swift */,
			);
			path = Test;
			sourceTree = "<group>";
		};
		61AC7FCC2AB6DDD900B0B6B5 /* DTO */ = {
			isa = PBXGroup;
			children = (
				61AC7FCD2AB6DDE300B0B6B5 /* TestDTO.swift */,
				611D8CA92ABED03D0074A55A /* AuthDTO.swift */,
			);
			path = DTO;
			sourceTree = "<group>";
		};
		61AC7FCF2AB6DF6300B0B6B5 /* Entity */ = {
			isa = PBXGroup;
			children = (
				61AC7FD02AB6DFBF00B0B6B5 /* TestEntity.swift */,
				611D8CA32AB8874D0074A55A /* AuthEntity.swift */,
			);
			path = Entity;
			sourceTree = "<group>";
		};
		61AC7FDE2AB6E6C800B0B6B5 /* Utils */ = {
			isa = PBXGroup;
			children = (
				611D8C9F2AB884C10074A55A /* AppleLoginManager.swift */,
				AA09C2812ACBF18C00F51A96 /* KakaoLoginManager.swift */,
			);
			path = Utils;
			sourceTree = "<group>";
		};
		61AC7FE82AB72E5100B0B6B5 /* Enum */ = {
			isa = PBXGroup;
			children = (
			);
			path = Enum;
			sourceTree = "<group>";
		};
		61AC80032AB73A0F00B0B6B5 /* Extensions */ = {
			isa = PBXGroup;
			children = (
				611D8CAB2ABED2910074A55A /* Foundation */,
				61AC80042AB73A2800B0B6B5 /* Reactive+Extension.swift */,
			);
			path = Extensions;
			sourceTree = "<group>";
		};
		AA9105602AD9A69300DA2E96 /* GroupSearch */ = {
			isa = PBXGroup;
			children = (
				AA9105682ADA32F300DA2E96 /* GroupSearchViewController.swift */,
				AA9105632ADA242800DA2E96 /* GroupSearchReactor.swift */,
				AA9105672ADA32DC00DA2E96 /* Views */,
			);
			path = GroupSearch;
			sourceTree = "<group>";
		};
		AA9105662ADA2DE700DA2E96 /* GroupSearch */ = {
			isa = PBXGroup;
			children = (
			);
			path = GroupSearch;
			sourceTree = "<group>";
		};
		AA9105672ADA32DC00DA2E96 /* Views */ = {
			isa = PBXGroup;
			children = (
				AA9105612AD9A6BA00DA2E96 /* GroupSearchView.swift */,
				AA91058C2ADA4BA600DA2E96 /* Cells */,
			);
			path = Views;
			sourceTree = "<group>";
		};
		AA91058C2ADA4BA600DA2E96 /* Cells */ = {
			isa = PBXGroup;
			children = (
				AA91058A2ADA4B9C00DA2E96 /* GroupSearchCell.swift */,
			);
			path = Cells;
			sourceTree = "<group>";
		};
/* End PBXGroup section */

/* Begin PBXNativeTarget section */
		61AC7F9A2AB6D4A300B0B6B5 /* onboard-iOS */ = {
			isa = PBXNativeTarget;
			buildConfigurationList = 61AC7FAF2AB6D4A500B0B6B5 /* Build configuration list for PBXNativeTarget "onboard-iOS" */;
			buildPhases = (
				61AC7F972AB6D4A300B0B6B5 /* Sources */,
				61AC7F982AB6D4A300B0B6B5 /* Frameworks */,
				61AC7F992AB6D4A300B0B6B5 /* Resources */,
			);
			buildRules = (
			);
			dependencies = (
			);
			name = "onboard-iOS";
			packageProductDependencies = (
				61AC7FC62AB6DA4E00B0B6B5 /* Alamofire */,
				61AC7FD32AB6E4BC00B0B6B5 /* ReactorKit */,
				61AC7FD62AB6E50200B0B6B5 /* SnapKit */,
				61AC7FD92AB6E56600B0B6B5 /* RxCocoa */,
				61AC7FDC2AB6E5B900B0B6B5 /* SwiftKeychainWrapper */,
				AA09C2792ACBE9BC00F51A96 /* KakaoSDKAuth */,
				AA09C27B2ACBE9BC00F51A96 /* KakaoSDKCommon */,
				AA09C27D2ACBE9BC00F51A96 /* KakaoSDKUser */,
			);
			productName = "onboard-iOS";
			productReference = 61AC7F9B2AB6D4A300B0B6B5 /* onboard-iOS.app */;
			productType = "com.apple.product-type.application";
		};
/* End PBXNativeTarget section */

/* Begin PBXProject section */
		61AC7F932AB6D4A300B0B6B5 /* Project object */ = {
			isa = PBXProject;
			attributes = {
				BuildIndependentTargetsInParallel = 1;
				LastSwiftUpdateCheck = 1430;
				LastUpgradeCheck = 1430;
				TargetAttributes = {
					61AC7F9A2AB6D4A300B0B6B5 = {
						CreatedOnToolsVersion = 14.3;
					};
				};
			};
			buildConfigurationList = 61AC7F962AB6D4A300B0B6B5 /* Build configuration list for PBXProject "onboard-iOS" */;
			compatibilityVersion = "Xcode 14.0";
			developmentRegion = en;
			hasScannedForEncodings = 0;
			knownRegions = (
				en,
				Base,
			);
			mainGroup = 61AC7F922AB6D4A300B0B6B5;
			packageReferences = (
				61AC7FC52AB6DA4E00B0B6B5 /* XCRemoteSwiftPackageReference "Alamofire" */,
				61AC7FD22AB6E4BC00B0B6B5 /* XCRemoteSwiftPackageReference "ReactorKit" */,
				61AC7FD52AB6E50200B0B6B5 /* XCRemoteSwiftPackageReference "SnapKit" */,
				61AC7FD82AB6E56600B0B6B5 /* XCRemoteSwiftPackageReference "RxSwift" */,
				61AC7FDB2AB6E5B900B0B6B5 /* XCRemoteSwiftPackageReference "SwiftKeychainWrapper" */,
				AA09C2782ACBE9BC00F51A96 /* XCRemoteSwiftPackageReference "kakao-ios-sdk" */,
			);
			productRefGroup = 61AC7F9C2AB6D4A300B0B6B5 /* Products */;
			projectDirPath = "";
			projectRoot = "";
			targets = (
				61AC7F9A2AB6D4A300B0B6B5 /* onboard-iOS */,
			);
		};
/* End PBXProject section */

/* Begin PBXResourcesBuildPhase section */
		61AC7F992AB6D4A300B0B6B5 /* Resources */ = {
			isa = PBXResourcesBuildPhase;
			buildActionMask = 2147483647;
			files = (
				61AC7FAB2AB6D4A500B0B6B5 /* LaunchScreen.storyboard in Resources */,
				61AC7FA82AB6D4A500B0B6B5 /* Assets.xcassets in Resources */,
				61AC7FA62AB6D4A300B0B6B5 /* Main.storyboard in Resources */,
			);
			runOnlyForDeploymentPostprocessing = 0;
		};
/* End PBXResourcesBuildPhase section */

/* Begin PBXSourcesBuildPhase section */
		61AC7F972AB6D4A300B0B6B5 /* Sources */ = {
			isa = PBXSourcesBuildPhase;
			buildActionMask = 2147483647;
			files = (
				61AC7FCE2AB6DDE300B0B6B5 /* TestDTO.swift in Sources */,
				61AC7FEA2AB7309400B0B6B5 /* APIEventLogger.swift in Sources */,
				61AC7FBC2AB6D72C00B0B6B5 /* TestView.swift in Sources */,
				61AC7FC42AB6DA0200B0B6B5 /* OBRouter.swift in Sources */,
				61AC7FE72AB6EEB700B0B6B5 /* APIConstants.swift in Sources */,
				61AC7F9F2AB6D4A300B0B6B5 /* AppDelegate.swift in Sources */,
				AA9105642ADA242800DA2E96 /* GroupSearchReactor.swift in Sources */,
				611D8CA22AB886B10074A55A /* AppleLoginUseCase.swift in Sources */,
				611D8CAD2ABED29F0074A55A /* Encodable+Ext.swift in Sources */,
				61AC7FC02AB6D74A00B0B6B5 /* TestUseCase.swift in Sources */,
				AA09C2822ACBF18C00F51A96 /* KakaoLoginManager.swift in Sources */,
				61AC7FBA2AB6D71900B0B6B5 /* TestViewController.swift in Sources */,
				611D8CAA2ABED03D0074A55A /* AuthDTO.swift in Sources */,
				AA9105622AD9A6BA00DA2E96 /* GroupSearchView.swift in Sources */,
				61AC7FBE2AB6D73B00B0B6B5 /* TestReactor.swift in Sources */,
				61AC7FD12AB6DFBF00B0B6B5 /* TestEntity.swift in Sources */,
				61AC80052AB73A2800B0B6B5 /* Reactive+Extension.swift in Sources */,
				611D8CA02AB884C10074A55A /* AppleLoginManager.swift in Sources */,
				61AC7FC92AB6DB1800B0B6B5 /* OBNetworkManager.swift in Sources */,
				61AC7FA12AB6D4A300B0B6B5 /* SceneDelegate.swift in Sources */,
				611D8CA42AB8874D0074A55A /* AuthEntity.swift in Sources */,
				AA9105692ADA32F300DA2E96 /* GroupSearchViewController.swift in Sources */,
				61AC7FC22AB6D75400B0B6B5 /* TestRepository.swift in Sources */,
				AA91058B2ADA4B9C00DA2E96 /* GroupSearchCell.swift in Sources */,
				AA09C2802ACBEB0100F51A96 /* KakaoLoginUseCase.swift in Sources */,
				611D8CA82ABECFFC0074A55A /* AuthRepository.swift in Sources */,
			);
			runOnlyForDeploymentPostprocessing = 0;
		};
/* End PBXSourcesBuildPhase section */

/* Begin PBXVariantGroup section */
		61AC7FA42AB6D4A300B0B6B5 /* Main.storyboard */ = {
			isa = PBXVariantGroup;
			children = (
				61AC7FA52AB6D4A300B0B6B5 /* Base */,
			);
			name = Main.storyboard;
			sourceTree = "<group>";
		};
		61AC7FA92AB6D4A500B0B6B5 /* LaunchScreen.storyboard */ = {
			isa = PBXVariantGroup;
			children = (
				61AC7FAA2AB6D4A500B0B6B5 /* Base */,
			);
			name = LaunchScreen.storyboard;
			sourceTree = "<group>";
		};
/* End PBXVariantGroup section */

/* Begin XCBuildConfiguration section */
		61AC7FAD2AB6D4A500B0B6B5 /* Debug */ = {
			isa = XCBuildConfiguration;
			buildSettings = {
				ALWAYS_SEARCH_USER_PATHS = NO;
				CLANG_ANALYZER_NONNULL = YES;
				CLANG_ANALYZER_NUMBER_OBJECT_CONVERSION = YES_AGGRESSIVE;
				CLANG_CXX_LANGUAGE_STANDARD = "gnu++20";
				CLANG_ENABLE_MODULES = YES;
				CLANG_ENABLE_OBJC_ARC = YES;
				CLANG_ENABLE_OBJC_WEAK = YES;
				CLANG_WARN_BLOCK_CAPTURE_AUTORELEASING = YES;
				CLANG_WARN_BOOL_CONVERSION = YES;
				CLANG_WARN_COMMA = YES;
				CLANG_WARN_CONSTANT_CONVERSION = YES;
				CLANG_WARN_DEPRECATED_OBJC_IMPLEMENTATIONS = YES;
				CLANG_WARN_DIRECT_OBJC_ISA_USAGE = YES_ERROR;
				CLANG_WARN_DOCUMENTATION_COMMENTS = YES;
				CLANG_WARN_EMPTY_BODY = YES;
				CLANG_WARN_ENUM_CONVERSION = YES;
				CLANG_WARN_INFINITE_RECURSION = YES;
				CLANG_WARN_INT_CONVERSION = YES;
				CLANG_WARN_NON_LITERAL_NULL_CONVERSION = YES;
				CLANG_WARN_OBJC_IMPLICIT_RETAIN_SELF = YES;
				CLANG_WARN_OBJC_LITERAL_CONVERSION = YES;
				CLANG_WARN_OBJC_ROOT_CLASS = YES_ERROR;
				CLANG_WARN_QUOTED_INCLUDE_IN_FRAMEWORK_HEADER = YES;
				CLANG_WARN_RANGE_LOOP_ANALYSIS = YES;
				CLANG_WARN_STRICT_PROTOTYPES = YES;
				CLANG_WARN_SUSPICIOUS_MOVE = YES;
				CLANG_WARN_UNGUARDED_AVAILABILITY = YES_AGGRESSIVE;
				CLANG_WARN_UNREACHABLE_CODE = YES;
				CLANG_WARN__DUPLICATE_METHOD_MATCH = YES;
				COPY_PHASE_STRIP = NO;
				DEBUG_INFORMATION_FORMAT = dwarf;
				ENABLE_STRICT_OBJC_MSGSEND = YES;
				ENABLE_TESTABILITY = YES;
				GCC_C_LANGUAGE_STANDARD = gnu11;
				GCC_DYNAMIC_NO_PIC = NO;
				GCC_NO_COMMON_BLOCKS = YES;
				GCC_OPTIMIZATION_LEVEL = 0;
				GCC_PREPROCESSOR_DEFINITIONS = (
					"DEBUG=1",
					"$(inherited)",
				);
				GCC_WARN_64_TO_32_BIT_CONVERSION = YES;
				GCC_WARN_ABOUT_RETURN_TYPE = YES_ERROR;
				GCC_WARN_UNDECLARED_SELECTOR = YES;
				GCC_WARN_UNINITIALIZED_AUTOS = YES_AGGRESSIVE;
				GCC_WARN_UNUSED_FUNCTION = YES;
				GCC_WARN_UNUSED_VARIABLE = YES;
				IPHONEOS_DEPLOYMENT_TARGET = 16.4;
				MTL_ENABLE_DEBUG_INFO = INCLUDE_SOURCE;
				MTL_FAST_MATH = YES;
				ONLY_ACTIVE_ARCH = YES;
				SDKROOT = iphoneos;
				SWIFT_ACTIVE_COMPILATION_CONDITIONS = DEBUG;
				SWIFT_OPTIMIZATION_LEVEL = "-Onone";
			};
			name = Debug;
		};
		61AC7FAE2AB6D4A500B0B6B5 /* Release */ = {
			isa = XCBuildConfiguration;
			buildSettings = {
				ALWAYS_SEARCH_USER_PATHS = NO;
				CLANG_ANALYZER_NONNULL = YES;
				CLANG_ANALYZER_NUMBER_OBJECT_CONVERSION = YES_AGGRESSIVE;
				CLANG_CXX_LANGUAGE_STANDARD = "gnu++20";
				CLANG_ENABLE_MODULES = YES;
				CLANG_ENABLE_OBJC_ARC = YES;
				CLANG_ENABLE_OBJC_WEAK = YES;
				CLANG_WARN_BLOCK_CAPTURE_AUTORELEASING = YES;
				CLANG_WARN_BOOL_CONVERSION = YES;
				CLANG_WARN_COMMA = YES;
				CLANG_WARN_CONSTANT_CONVERSION = YES;
				CLANG_WARN_DEPRECATED_OBJC_IMPLEMENTATIONS = YES;
				CLANG_WARN_DIRECT_OBJC_ISA_USAGE = YES_ERROR;
				CLANG_WARN_DOCUMENTATION_COMMENTS = YES;
				CLANG_WARN_EMPTY_BODY = YES;
				CLANG_WARN_ENUM_CONVERSION = YES;
				CLANG_WARN_INFINITE_RECURSION = YES;
				CLANG_WARN_INT_CONVERSION = YES;
				CLANG_WARN_NON_LITERAL_NULL_CONVERSION = YES;
				CLANG_WARN_OBJC_IMPLICIT_RETAIN_SELF = YES;
				CLANG_WARN_OBJC_LITERAL_CONVERSION = YES;
				CLANG_WARN_OBJC_ROOT_CLASS = YES_ERROR;
				CLANG_WARN_QUOTED_INCLUDE_IN_FRAMEWORK_HEADER = YES;
				CLANG_WARN_RANGE_LOOP_ANALYSIS = YES;
				CLANG_WARN_STRICT_PROTOTYPES = YES;
				CLANG_WARN_SUSPICIOUS_MOVE = YES;
				CLANG_WARN_UNGUARDED_AVAILABILITY = YES_AGGRESSIVE;
				CLANG_WARN_UNREACHABLE_CODE = YES;
				CLANG_WARN__DUPLICATE_METHOD_MATCH = YES;
				COPY_PHASE_STRIP = NO;
				DEBUG_INFORMATION_FORMAT = "dwarf-with-dsym";
				ENABLE_NS_ASSERTIONS = NO;
				ENABLE_STRICT_OBJC_MSGSEND = YES;
				GCC_C_LANGUAGE_STANDARD = gnu11;
				GCC_NO_COMMON_BLOCKS = YES;
				GCC_WARN_64_TO_32_BIT_CONVERSION = YES;
				GCC_WARN_ABOUT_RETURN_TYPE = YES_ERROR;
				GCC_WARN_UNDECLARED_SELECTOR = YES;
				GCC_WARN_UNINITIALIZED_AUTOS = YES_AGGRESSIVE;
				GCC_WARN_UNUSED_FUNCTION = YES;
				GCC_WARN_UNUSED_VARIABLE = YES;
				IPHONEOS_DEPLOYMENT_TARGET = 16.4;
				MTL_ENABLE_DEBUG_INFO = NO;
				MTL_FAST_MATH = YES;
				SDKROOT = iphoneos;
				SWIFT_COMPILATION_MODE = wholemodule;
				SWIFT_OPTIMIZATION_LEVEL = "-O";
				VALIDATE_PRODUCT = YES;
			};
			name = Release;
		};
		61AC7FB02AB6D4A500B0B6B5 /* Debug */ = {
			isa = XCBuildConfiguration;
			buildSettings = {
				ASSETCATALOG_COMPILER_APPICON_NAME = AppIcon;
				ASSETCATALOG_COMPILER_GLOBAL_ACCENT_COLOR_NAME = AccentColor;
				CODE_SIGN_ENTITLEMENTS = "onboard-iOS/onboard-iOS.entitlements";
				CODE_SIGN_STYLE = Automatic;
				CURRENT_PROJECT_VERSION = 1;
				DEVELOPMENT_TEAM = 7YWVGV44MR;
				GENERATE_INFOPLIST_FILE = YES;
				INFOPLIST_FILE = "onboard-iOS/Info.plist";
				INFOPLIST_KEY_UIApplicationSupportsIndirectInputEvents = YES;
				INFOPLIST_KEY_UILaunchStoryboardName = LaunchScreen;
				INFOPLIST_KEY_UIMainStoryboardFile = Main;
				INFOPLIST_KEY_UISupportedInterfaceOrientations_iPad = "UIInterfaceOrientationPortrait UIInterfaceOrientationPortraitUpsideDown UIInterfaceOrientationLandscapeLeft UIInterfaceOrientationLandscapeRight";
				INFOPLIST_KEY_UISupportedInterfaceOrientations_iPhone = "UIInterfaceOrientationPortrait UIInterfaceOrientationLandscapeLeft UIInterfaceOrientationLandscapeRight";
				LD_RUNPATH_SEARCH_PATHS = (
					"$(inherited)",
					"@executable_path/Frameworks",
				);
				MARKETING_VERSION = 1.0;
				PRODUCT_BUNDLE_IDENTIFIER = "onboard.onboard-iOS";
				PRODUCT_NAME = "$(TARGET_NAME)";
				SWIFT_EMIT_LOC_STRINGS = YES;
				SWIFT_VERSION = 5.0;
				TARGETED_DEVICE_FAMILY = "1,2";
			};
			name = Debug;
		};
		61AC7FB12AB6D4A500B0B6B5 /* Release */ = {
			isa = XCBuildConfiguration;
			buildSettings = {
				ASSETCATALOG_COMPILER_APPICON_NAME = AppIcon;
				ASSETCATALOG_COMPILER_GLOBAL_ACCENT_COLOR_NAME = AccentColor;
				CODE_SIGN_ENTITLEMENTS = "onboard-iOS/onboard-iOS.entitlements";
				CODE_SIGN_STYLE = Automatic;
				CURRENT_PROJECT_VERSION = 1;
				DEVELOPMENT_TEAM = 7YWVGV44MR;
				GENERATE_INFOPLIST_FILE = YES;
				INFOPLIST_FILE = "onboard-iOS/Info.plist";
				INFOPLIST_KEY_UIApplicationSupportsIndirectInputEvents = YES;
				INFOPLIST_KEY_UILaunchStoryboardName = LaunchScreen;
				INFOPLIST_KEY_UIMainStoryboardFile = Main;
				INFOPLIST_KEY_UISupportedInterfaceOrientations_iPad = "UIInterfaceOrientationPortrait UIInterfaceOrientationPortraitUpsideDown UIInterfaceOrientationLandscapeLeft UIInterfaceOrientationLandscapeRight";
				INFOPLIST_KEY_UISupportedInterfaceOrientations_iPhone = "UIInterfaceOrientationPortrait UIInterfaceOrientationLandscapeLeft UIInterfaceOrientationLandscapeRight";
				LD_RUNPATH_SEARCH_PATHS = (
					"$(inherited)",
					"@executable_path/Frameworks",
				);
				MARKETING_VERSION = 1.0;
				PRODUCT_BUNDLE_IDENTIFIER = "onboard.onboard-iOS";
				PRODUCT_NAME = "$(TARGET_NAME)";
				SWIFT_EMIT_LOC_STRINGS = YES;
				SWIFT_VERSION = 5.0;
				TARGETED_DEVICE_FAMILY = "1,2";
			};
			name = Release;
		};
/* End XCBuildConfiguration section */

/* Begin XCConfigurationList section */
		61AC7F962AB6D4A300B0B6B5 /* Build configuration list for PBXProject "onboard-iOS" */ = {
			isa = XCConfigurationList;
			buildConfigurations = (
				61AC7FAD2AB6D4A500B0B6B5 /* Debug */,
				61AC7FAE2AB6D4A500B0B6B5 /* Release */,
			);
			defaultConfigurationIsVisible = 0;
			defaultConfigurationName = Release;
		};
		61AC7FAF2AB6D4A500B0B6B5 /* Build configuration list for PBXNativeTarget "onboard-iOS" */ = {
			isa = XCConfigurationList;
			buildConfigurations = (
				61AC7FB02AB6D4A500B0B6B5 /* Debug */,
				61AC7FB12AB6D4A500B0B6B5 /* Release */,
			);
			defaultConfigurationIsVisible = 0;
			defaultConfigurationName = Release;
		};
/* End XCConfigurationList section */

/* Begin XCRemoteSwiftPackageReference section */
		61AC7FC52AB6DA4E00B0B6B5 /* XCRemoteSwiftPackageReference "Alamofire" */ = {
			isa = XCRemoteSwiftPackageReference;
			repositoryURL = "https://github.com/Alamofire/Alamofire.git";
			requirement = {
				kind = upToNextMajorVersion;
				minimumVersion = 5.0.0;
			};
		};
		61AC7FD22AB6E4BC00B0B6B5 /* XCRemoteSwiftPackageReference "ReactorKit" */ = {
			isa = XCRemoteSwiftPackageReference;
			repositoryURL = "https://github.com/ReactorKit/ReactorKit";
			requirement = {
				kind = upToNextMajorVersion;
				minimumVersion = 3.0.0;
			};
		};
		61AC7FD52AB6E50200B0B6B5 /* XCRemoteSwiftPackageReference "SnapKit" */ = {
			isa = XCRemoteSwiftPackageReference;
			repositoryURL = "https://github.com/Snapkit/SnapKit.git";
			requirement = {
				kind = upToNextMajorVersion;
				minimumVersion = 5.0.0;
			};
		};
		61AC7FD82AB6E56600B0B6B5 /* XCRemoteSwiftPackageReference "RxSwift" */ = {
			isa = XCRemoteSwiftPackageReference;
			repositoryURL = "https://github.com/ReactiveX/RxSwift";
			requirement = {
				kind = upToNextMajorVersion;
				minimumVersion = 6.0.0;
			};
		};
		61AC7FDB2AB6E5B900B0B6B5 /* XCRemoteSwiftPackageReference "SwiftKeychainWrapper" */ = {
			isa = XCRemoteSwiftPackageReference;
			repositoryURL = "https://github.com/jrendel/SwiftKeychainWrapper";
			requirement = {
				kind = upToNextMajorVersion;
				minimumVersion = 4.0.0;
			};
		};
		AA09C2782ACBE9BC00F51A96 /* XCRemoteSwiftPackageReference "kakao-ios-sdk" */ = {
			isa = XCRemoteSwiftPackageReference;
			repositoryURL = "https://github.com/kakao/kakao-ios-sdk";
			requirement = {
				kind = upToNextMajorVersion;
				minimumVersion = 2.0.0;
			};
		};
/* End XCRemoteSwiftPackageReference section */

/* Begin XCSwiftPackageProductDependency section */
		61AC7FC62AB6DA4E00B0B6B5 /* Alamofire */ = {
			isa = XCSwiftPackageProductDependency;
			package = 61AC7FC52AB6DA4E00B0B6B5 /* XCRemoteSwiftPackageReference "Alamofire" */;
			productName = Alamofire;
		};
		61AC7FD32AB6E4BC00B0B6B5 /* ReactorKit */ = {
			isa = XCSwiftPackageProductDependency;
			package = 61AC7FD22AB6E4BC00B0B6B5 /* XCRemoteSwiftPackageReference "ReactorKit" */;
			productName = ReactorKit;
		};
		61AC7FD62AB6E50200B0B6B5 /* SnapKit */ = {
			isa = XCSwiftPackageProductDependency;
			package = 61AC7FD52AB6E50200B0B6B5 /* XCRemoteSwiftPackageReference "SnapKit" */;
			productName = SnapKit;
		};
		61AC7FD92AB6E56600B0B6B5 /* RxCocoa */ = {
			isa = XCSwiftPackageProductDependency;
			package = 61AC7FD82AB6E56600B0B6B5 /* XCRemoteSwiftPackageReference "RxSwift" */;
			productName = RxCocoa;
		};
		61AC7FDC2AB6E5B900B0B6B5 /* SwiftKeychainWrapper */ = {
			isa = XCSwiftPackageProductDependency;
			package = 61AC7FDB2AB6E5B900B0B6B5 /* XCRemoteSwiftPackageReference "SwiftKeychainWrapper" */;
			productName = SwiftKeychainWrapper;
		};
		AA09C2792ACBE9BC00F51A96 /* KakaoSDKAuth */ = {
			isa = XCSwiftPackageProductDependency;
			package = AA09C2782ACBE9BC00F51A96 /* XCRemoteSwiftPackageReference "kakao-ios-sdk" */;
			productName = KakaoSDKAuth;
		};
		AA09C27B2ACBE9BC00F51A96 /* KakaoSDKCommon */ = {
			isa = XCSwiftPackageProductDependency;
			package = AA09C2782ACBE9BC00F51A96 /* XCRemoteSwiftPackageReference "kakao-ios-sdk" */;
			productName = KakaoSDKCommon;
		};
		AA09C27D2ACBE9BC00F51A96 /* KakaoSDKUser */ = {
			isa = XCSwiftPackageProductDependency;
			package = AA09C2782ACBE9BC00F51A96 /* XCRemoteSwiftPackageReference "kakao-ios-sdk" */;
			productName = KakaoSDKUser;
		};
/* End XCSwiftPackageProductDependency section */
	};
	rootObject = 61AC7F932AB6D4A300B0B6B5 /* Project object */;
}
